
Microsoft Visual Studio Solution File, Format Version 12.00
# Visual Studio Version 16
VisualStudioVersion = 16.0.30310.162
MinimumVisualStudioVersion = 10.0.40219.1
Project("{9A19103F-16F7-4668-BE54-9A1E7A4F7556}") = "XLocalizer", "XLocalizer\XLocalizer.csproj", "{D24CFAE0-B3E9-4BE9-BF77-EC78398844A8}"
EndProject
Global
	GlobalSection(SolutionConfigurationPlatforms) = preSolution
		Debug|Any CPU = Debug|Any CPU
		Release|Any CPU = Release|Any CPU
	EndGlobalSection
	GlobalSection(ProjectConfigurationPlatforms) = postSolution
		{D24CFAE0-B3E9-4BE9-BF77-EC78398844A8}.Debug|Any CPU.ActiveCfg = Debug|Any CPU
		{D24CFAE0-B3E9-4BE9-BF77-EC78398844A8}.Debug|Any CPU.Build.0 = Debug|Any CPU
		{D24CFAE0-B3E9-4BE9-BF77-EC78398844A8}.Release|Any CPU.ActiveCfg = Release|Any CPU
		{D24CFAE0-B3E9-4BE9-BF77-EC78398844A8}.Release|Any CPU.Build.0 = Release|Any CPU
	EndGlobalSection
	GlobalSection(SolutionProperties) = preSolution
		HideSolutionNode = FALSE
	EndGlobalSection
	GlobalSection(ExtensibilityGlobals) = postSolution
		SolutionGuid = {9EF3C884-DC8E-4688-9096-0802B3DBB43A}
	EndGlobalSection
EndGlobal
